
Microsoft Visual Studio Solution File, Format Version 12.00
# Visual Studio Version 17
VisualStudioVersion = 17.12.35521.163 d17.12
MinimumVisualStudioVersion = 10.0.40219.1
Project("{FAE04EC0-301F-11D3-BF4B-00C04F79EFBC}") = "session15_BTVN", "session15_BTVN.csproj", "{712CE592-659C-47C1-BD7C-C921BF303A1A}"
EndProject
Global
	GlobalSection(SolutionConfigurationPlatforms) = preSolution
		Debug|Any CPU = Debug|Any CPU
		Release|Any CPU = Release|Any CPU
	EndGlobalSection
	GlobalSection(ProjectConfigurationPlatforms) = postSolution
		{712CE592-659C-47C1-BD7C-C921BF303A1A}.Debug|Any CPU.ActiveCfg = Debug|Any CPU
		{712CE592-659C-47C1-BD7C-C921BF303A1A}.Debug|Any CPU.Build.0 = Debug|Any CPU
		{712CE592-659C-47C1-BD7C-C921BF303A1A}.Release|Any CPU.ActiveCfg = Release|Any CPU
		{712CE592-659C-47C1-BD7C-C921BF303A1A}.Release|Any CPU.Build.0 = Release|Any CPU
	EndGlobalSection
	GlobalSection(SolutionProperties) = preSolution
		HideSolutionNode = FALSE
	EndGlobalSection
EndGlobal
